
Microsoft Visual Studio Solution File, Format Version 12.00
# Visual Studio Version 17
VisualStudioVersion = 17.2.32616.157
MinimumVisualStudioVersion = 10.0.40219.1
Project("{FAE04EC0-301F-11D3-BF4B-00C04F79EFBC}") = "PalindromaWord", "PalindromaWord\PalindromaWord.csproj", "{7516B690-F5E9-423E-8FC0-44652CE7E3A3}"
EndProject
Global
	GlobalSection(SolutionConfigurationPlatforms) = preSolution
		Debug|Any CPU = Debug|Any CPU
		Release|Any CPU = Release|Any CPU
	EndGlobalSection
	GlobalSection(ProjectConfigurationPlatforms) = postSolution
		{7516B690-F5E9-423E-8FC0-44652CE7E3A3}.Debug|Any CPU.ActiveCfg = Debug|Any CPU
		{7516B690-F5E9-423E-8FC0-44652CE7E3A3}.Debug|Any CPU.Build.0 = Debug|Any CPU
		{7516B690-F5E9-423E-8FC0-44652CE7E3A3}.Release|Any CPU.ActiveCfg = Release|Any CPU
		{7516B690-F5E9-423E-8FC0-44652CE7E3A3}.Release|Any CPU.Build.0 = Release|Any CPU
	EndGlobalSection
	GlobalSection(SolutionProperties) = preSolution
		HideSolutionNode = FALSE
	EndGlobalSection
	GlobalSection(ExtensibilityGlobals) = postSolution
		SolutionGuid = {4741CFD1-EBF7-4FA6-81CC-370CC4DFF23D}
	EndGlobalSection
EndGlobal
